// !$*UTF8*$!
{
	archiveVersion = 1;
	classes = {
	};
	objectVersion = 46;
	objects = {

/* Begin PBXBuildFile section */
		127CA75B1D1C3F8D00E4CA24 /* AppDelegate.swift in Sources */ = {isa = PBXBuildFile; fileRef = 127CA75A1D1C3F8D00E4CA24 /* AppDelegate.swift */; };
		127CA75D1D1C3F8D00E4CA24 /* ViewController.swift in Sources */ = {isa = PBXBuildFile; fileRef = 127CA75C1D1C3F8D00E4CA24 /* ViewController.swift */; };
		127CA7601D1C3F8D00E4CA24 /* Main.storyboard in Resources */ = {isa = PBXBuildFile; fileRef = 127CA75E1D1C3F8D00E4CA24 /* Main.storyboard */; };
		127CA7621D1C3F8D00E4CA24 /* Assets.xcassets in Resources */ = {isa = PBXBuildFile; fileRef = 127CA7611D1C3F8D00E4CA24 /* Assets.xcassets */; };
		127CA7651D1C3F8E00E4CA24 /* LaunchScreen.storyboard in Resources */ = {isa = PBXBuildFile; fileRef = 127CA7631D1C3F8E00E4CA24 /* LaunchScreen.storyboard */; };
/* End PBXBuildFile section */

/* Begin PBXFileReference section */
		127CA7571D1C3F8D00E4CA24 /* BudgetPlanner.app */ = {isa = PBXFileReference; explicitFileType = wrapper.application; includeInIndex = 0; path = BudgetPlanner.app; sourceTree = BUILT_PRODUCTS_DIR; };
		127CA75A1D1C3F8D00E4CA24 /* AppDelegate.swift */ = {isa = PBXFileReference; lastKnownFileType = sourcecode.swift; path = AppDelegate.swift; sourceTree = "<group>"; };
		127CA75C1D1C3F8D00E4CA24 /* ViewController.swift */ = {isa = PBXFileReference; lastKnownFileType = sourcecode.swift; path = ViewController.swift; sourceTree = "<group>"; };
		127CA75F1D1C3F8D00E4CA24 /* Base */ = {isa = PBXFileReference; lastKnownFileType = file.storyboard; name = Base; path = Base.lproj/Main.storyboard; sourceTree = "<group>"; };
		127CA7611D1C3F8D00E4CA24 /* Assets.xcassets */ = {isa = PBXFileReference; lastKnownFileType = folder.assetcatalog; path = Assets.xcassets; sourceTree = "<group>"; };
		127CA7641D1C3F8E00E4CA24 /* Base */ = {isa = PBXFileReference; lastKnownFileType = file.storyboard; name = Base; path = Base.lproj/LaunchScreen.storyboard; sourceTree = "<group>"; };
		127CA7661D1C3F8E00E4CA24 /* Info.plist */ = {isa = PBXFileReference; lastKnownFileType = text.plist.xml; path = Info.plist; sourceTree = "<group>"; };
/* End PBXFileReference section */

/* Begin PBXFrameworksBuildPhase section */
		127CA7541D1C3F8D00E4CA24 /* Frameworks */ = {
			isa = PBXFrameworksBuildPhase;
			buildActionMask = 2147483647;
			files = (
			);
			runOnlyForDeploymentPostprocessing = 0;
		};
/* End PBXFrameworksBuildPhase section */

/* Begin PBXGroup section */
		127CA74E1D1C3F8D00E4CA24 = {
			isa = PBXGroup;
			children = (
				127CA7591D1C3F8D00E4CA24 /* BudgetPlanner */,
				127CA7581D1C3F8D00E4CA24 /* Products */,
			);
			sourceTree = "<group>";
		};
		127CA7581D1C3F8D00E4CA24 /* Products */ = {
			isa = PBXGroup;
			children = (
				127CA7571D1C3F8D00E4CA24 /* BudgetPlanner.app */,
			);
			name = Products;
			sourceTree = "<group>";
		};
		127CA7591D1C3F8D00E4CA24 /* BudgetPlanner */ = {
			isa = PBXGroup;
			children = (
				127CA75A1D1C3F8D00E4CA24 /* AppDelegate.swift */,
				127CA75C1D1C3F8D00E4CA24 /* ViewController.swift */,
				127CA75E1D1C3F8D00E4CA24 /* Main.storyboard */,
				127CA7611D1C3F8D00E4CA24 /* Assets.xcassets */,
				127CA7631D1C3F8E00E4CA24 /* LaunchScreen.storyboard */,
				127CA7661D1C3F8E00E4CA24 /* Info.plist */,
			);
			path = BudgetPlanner;
			sourceTree = "<group>";
		};
/* End PBXGroup section */

/* Begin PBXNativeTarget section */
		127CA7561D1C3F8D00E4CA24 /* BudgetPlanner */ = {
			isa = PBXNativeTarget;
			buildConfigurationList = 127CA7691D1C3F8E00E4CA24 /* Build configuration list for PBXNativeTarget "BudgetPlanner" */;
			buildPhases = (
				127CA7531D1C3F8D00E4CA24 /* Sources */,
				127CA7541D1C3F8D00E4CA24 /* Frameworks */,
				127CA7551D1C3F8D00E4CA24 /* Resources */,
			);
			buildRules = (
			);
			dependencies = (
			);
			name = BudgetPlanner;
			productName = BudgetPlanner;
			productReference = 127CA7571D1C3F8D00E4CA24 /* BudgetPlanner.app */;
			productType = "com.apple.product-type.application";
		};
/* End PBXNativeTarget section */

/* Begin PBXProject section */
		127CA74F1D1C3F8D00E4CA24 /* Project object */ = {
			isa = PBXProject;
			attributes = {
				LastSwiftUpdateCheck = 0730;
				LastUpgradeCheck = 0730;
				ORGANIZATIONNAME = "Daniel Ku";
				TargetAttributes = {
					127CA7561D1C3F8D00E4CA24 = {
						CreatedOnToolsVersion = 7.3.1;
					};
				};
			};
			buildConfigurationList = 127CA7521D1C3F8D00E4CA24 /* Build configuration list for PBXProject "BudgetPlanner" */;
			compatibilityVersion = "Xcode 3.2";
			developmentRegion = English;
			hasScannedForEncodings = 0;
			knownRegions = (
				en,
				Base,
			);
			mainGroup = 127CA74E1D1C3F8D00E4CA24;
			productRefGroup = 127CA7581D1C3F8D00E4CA24 /* Products */;
			projectDirPath = "";
			projectRoot = "";
			targets = (
				127CA7561D1C3F8D00E4CA24 /* BudgetPlanner */,
			);
		};
/* End PBXProject section */

/* Begin PBXResourcesBuildPhase section */
		127CA7551D1C3F8D00E4CA24 /* Resources */ = {
			isa = PBXResourcesBuildPhase;
			buildActionMask = 2147483647;
			files = (
				127CA7651D1C3F8E00E4CA24 /* LaunchScreen.storyboard in Resources */,
				127CA7621D1C3F8D00E4CA24 /* Assets.xcassets in Resources */,
				127CA7601D1C3F8D00E4CA24 /* Main.storyboard in Resources */,
			);
			runOnlyForDeploymentPostprocessing = 0;
		};
/* End PBXResourcesBuildPhase section */

/* Begin PBXSourcesBuildPhase section */
		127CA7531D1C3F8D00E4CA24 /* Sources */ = {
			isa = PBXSourcesBuildPhase;
			buildActionMask = 2147483647;
			files = (
				127CA75D1D1C3F8D00E4CA24 /* ViewController.swift in Sources */,
				127CA75B1D1C3F8D00E4CA24 /* AppDelegate.swift in Sources */,
			);
			runOnlyForDeploymentPostprocessing = 0;
		};
/* End PBXSourcesBuildPhase section */

/* Begin PBXVariantGroup section */
		127CA75E1D1C3F8D00E4CA24 /* Main.storyboard */ = {
			isa = PBXVariantGroup;
			children = (
				127CA75F1D1C3F8D00E4CA24 /* Base */,
			);
			name = Main.storyboard;
			sourceTree = "<group>";
		};
		127CA7631D1C3F8E00E4CA24 /* LaunchScreen.storyboard */ = {
			isa = PBXVariantGroup;
			children = (
				127CA7641D1C3F8E00E4CA24 /* Base */,
			);
			name = LaunchScreen.storyboard;
			sourceTree = "<group>";
		};
/* End PBXVariantGroup section */

/* Begin XCBuildConfiguration section */
		127CA7671D1C3F8E00E4CA24 /* Debug */ = {
			isa = XCBuildConfiguration;
			buildSettings = {
				ALWAYS_SEARCH_USER_PATHS = NO;
				CLANG_ANALYZER_NONNULL = YES;
				CLANG_CXX_LANGUAGE_STANDARD = "gnu++0x";
				CLANG_CXX_LIBRARY = "libc++";
				CLANG_ENABLE_MODULES = YES;
				CLANG_ENABLE_OBJC_ARC = YES;
				CLANG_WARN_BOOL_CONVERSION = YES;
				CLANG_WARN_CONSTANT_CONVERSION = YES;
				CLANG_WARN_DIRECT_OBJC_ISA_USAGE = YES_ERROR;
				CLANG_WARN_EMPTY_BODY = YES;
				CLANG_WARN_ENUM_CONVERSION = YES;
				CLANG_WARN_INT_CONVERSION = YES;
				CLANG_WARN_OBJC_ROOT_CLASS = YES_ERROR;
				CLANG_WARN_UNREACHABLE_CODE = YES;
				CLANG_WARN__DUPLICATE_METHOD_MATCH = YES;
				"CODE_SIGN_IDENTITY[sdk=iphoneos*]" = "iPhone Developer";
				COPY_PHASE_STRIP = NO;
				DEBUG_INFORMATION_FORMAT = dwarf;
				ENABLE_STRICT_OBJC_MSGSEND = YES;
				ENABLE_TESTABILITY = YES;
				GCC_C_LANGUAGE_STANDARD = gnu99;
				GCC_DYNAMIC_NO_PIC = NO;
				GCC_NO_COMMON_BLOCKS = YES;
				GCC_OPTIMIZATION_LEVEL = 0;
				GCC_PREPROCESSOR_DEFINITIONS = (
					"DEBUG=1",
					"$(inherited)",
				);
				GCC_WARN_64_TO_32_BIT_CONVERSION = YES;
				GCC_WARN_ABOUT_RETURN_TYPE = YES_ERROR;
				GCC_WARN_UNDECLARED_SELECTOR = YES;
				GCC_WARN_UNINITIALIZED_AUTOS = YES_AGGRESSIVE;
				GCC_WARN_UNUSED_FUNCTION = YES;
				GCC_WARN_UNUSED_VARIABLE = YES;
				IPHONEOS_DEPLOYMENT_TARGET = 9.3;
				MTL_ENABLE_DEBUG_INFO = YES;
				ONLY_ACTIVE_ARCH = YES;
				SDKROOT = iphoneos;
				SWIFT_OPTIMIZATION_LEVEL = "-Onone";
			};
			name = Debug;
		};
		127CA7681D1C3F8E00E4CA24 /* Release */ = {
			isa = XCBuildConfiguration;
			buildSettings = {
				ALWAYS_SEARCH_USER_PATHS = NO;
				CLANG_ANALYZER_NONNULL = YES;
				CLANG_CXX_LANGUAGE_STANDARD = "gnu++0x";
				CLANG_CXX_LIBRARY = "libc++";
				CLANG_ENABLE_MODULES = YES;
				CLANG_ENABLE_OBJC_ARC = YES;
				CLANG_WARN_BOOL_CONVERSION = YES;
				CLANG_WARN_CONSTANT_CONVERSION = YES;
				CLANG_WARN_DIRECT_OBJC_ISA_USAGE = YES_ERROR;
				CLANG_WARN_EMPTY_BODY = YES;
				CLANG_WARN_ENUM_CONVERSION = YES;
				CLANG_WARN_INT_CONVERSION = YES;
				CLANG_WARN_OBJC_ROOT_CLASS = YES_ERROR;
				CLANG_WARN_UNREACHABLE_CODE = YES;
				CLANG_WARN__DUPLICATE_METHOD_MATCH = YES;
				"CODE_SIGN_IDENTITY[sdk=iphoneos*]" = "iPhone Developer";
				COPY_PHASE_STRIP = NO;
				DEBUG_INFORMATION_FORMAT = "dwarf-with-dsym";
				ENABLE_NS_ASSERTIONS = NO;
				ENABLE_STRICT_OBJC_MSGSEND = YES;
				GCC_C_LANGUAGE_STANDARD = gnu99;
				GCC_NO_COMMON_BLOCKS = YES;
				GCC_WARN_64_TO_32_BIT_CONVERSION = YES;
				GCC_WARN_ABOUT_RETURN_TYPE = YES_ERROR;
				GCC_WARN_UNDECLARED_SELECTOR = YES;
				GCC_WARN_UNINITIALIZED_AUTOS = YES_AGGRESSIVE;
				GCC_WARN_UNUSED_FUNCTION = YES;
				GCC_WARN_UNUSED_VARIABLE = YES;
				IPHONEOS_DEPLOYMENT_TARGET = 9.3;
				MTL_ENABLE_DEBUG_INFO = NO;
				SDKROOT = iphoneos;
				VALIDATE_PRODUCT = YES;
			};
			name = Release;
		};
		127CA76A1D1C3F8E00E4CA24 /* Debug */ = {
			isa = XCBuildConfiguration;
			buildSettings = {
				ASSETCATALOG_COMPILER_APPICON_NAME = AppIcon;
				INFOPLIST_FILE = BudgetPlanner/Info.plist;
				LD_RUNPATH_SEARCH_PATHS = "$(inherited) @executable_path/Frameworks";
				PRODUCT_BUNDLE_IDENTIFIER = com.djku.BudgetPlanner;
				PRODUCT_NAME = "$(TARGET_NAME)";
			};
			name = Debug;
		};
		127CA76B1D1C3F8E00E4CA24 /* Release */ = {
			isa = XCBuildConfiguration;
			buildSettings = {
				ASSETCATALOG_COMPILER_APPICON_NAME = AppIcon;
				INFOPLIST_FILE = BudgetPlanner/Info.plist;
				LD_RUNPATH_SEARCH_PATHS = "$(inherited) @executable_path/Frameworks";
				PRODUCT_BUNDLE_IDENTIFIER = com.djku.BudgetPlanner;
				PRODUCT_NAME = "$(TARGET_NAME)";
			};
			name = Release;
		};
/* End XCBuildConfiguration section */

/* Begin XCConfigurationList section */
		127CA7521D1C3F8D00E4CA24 /* Build configuration list for PBXProject "BudgetPlanner" */ = {
			isa = XCConfigurationList;
			buildConfigurations = (
				127CA7671D1C3F8E00E4CA24 /* Debug */,
				127CA7681D1C3F8E00E4CA24 /* Release */,
			);
			defaultConfigurationIsVisible = 0;
			defaultConfigurationName = Release;
		};
		127CA7691D1C3F8E00E4CA24 /* Build configuration list for PBXNativeTarget "BudgetPlanner" */ = {
			isa = XCConfigurationList;
			buildConfigurations = (
				127CA76A1D1C3F8E00E4CA24 /* Debug */,
				127CA76B1D1C3F8E00E4CA24 /* Release */,
			);
			defaultConfigurationIsVisible = 0;
		};
/* End XCConfigurationList section */
	};
	rootObject = 127CA74F1D1C3F8D00E4CA24 /* Project object */;
}
